
Microsoft Visual Studio Solution File, Format Version 12.00
Project("{FAE04EC0-301F-11D3-BF4B-00C04F79EFBC}") = "CarloPantaleo.ComparableIntervals", "CarloPantaleo.ComparableIntervals\CarloPantaleo.ComparableIntervals.csproj", "{6E81CAE0-7CC3-4D0F-976D-A3D5932B6365}"
EndProject
Project("{FAE04EC0-301F-11D3-BF4B-00C04F79EFBC}") = "CarloPantaleo.ComparableIntervals.Tests", "CarloPantaleo.ComparableIntervals.Tests\CarloPantaleo.ComparableIntervals.Tests.csproj", "{0BB14AF6-0E31-4C47-A841-36E80C096703}"
EndProject
Global
	GlobalSection(SolutionConfigurationPlatforms) = preSolution
		Debug|Any CPU = Debug|Any CPU
		Release|Any CPU = Release|Any CPU
	EndGlobalSection
	GlobalSection(ProjectConfigurationPlatforms) = postSolution
		{6E81CAE0-7CC3-4D0F-976D-A3D5932B6365}.Debug|Any CPU.ActiveCfg = Debug|Any CPU
		{6E81CAE0-7CC3-4D0F-976D-A3D5932B6365}.Debug|Any CPU.Build.0 = Debug|Any CPU
		{6E81CAE0-7CC3-4D0F-976D-A3D5932B6365}.Release|Any CPU.ActiveCfg = Release|Any CPU
		{6E81CAE0-7CC3-4D0F-976D-A3D5932B6365}.Release|Any CPU.Build.0 = Release|Any CPU
		{0BB14AF6-0E31-4C47-A841-36E80C096703}.Debug|Any CPU.ActiveCfg = Debug|Any CPU
		{0BB14AF6-0E31-4C47-A841-36E80C096703}.Debug|Any CPU.Build.0 = Debug|Any CPU
		{0BB14AF6-0E31-4C47-A841-36E80C096703}.Release|Any CPU.ActiveCfg = Release|Any CPU
		{0BB14AF6-0E31-4C47-A841-36E80C096703}.Release|Any CPU.Build.0 = Release|Any CPU
	EndGlobalSection
EndGlobal
